
Microsoft Visual Studio Solution File, Format Version 12.00
# Visual Studio Version 17
VisualStudioVersion = 17.5.33424.131
MinimumVisualStudioVersion = 10.0.40219.1
Project("{FAE04EC0-301F-11D3-BF4B-00C04F79EFBC}") = "Döviz_Takip_Otomasyonu_227017008_ÖmerArslan", "Döviz_Takip_Otomasyonu_227017008_ÖmerArslan.csproj", "{40D6B8C4-FD35-498A-B056-E2C219E84C57}"
EndProject
Global
	GlobalSection(SolutionConfigurationPlatforms) = preSolution
		Debug|Any CPU = Debug|Any CPU
		Release|Any CPU = Release|Any CPU
	EndGlobalSection
	GlobalSection(ProjectConfigurationPlatforms) = postSolution
		{40D6B8C4-FD35-498A-B056-E2C219E84C57}.Debug|Any CPU.ActiveCfg = Debug|Any CPU
		{40D6B8C4-FD35-498A-B056-E2C219E84C57}.Debug|Any CPU.Build.0 = Debug|Any CPU
		{40D6B8C4-FD35-498A-B056-E2C219E84C57}.Release|Any CPU.ActiveCfg = Release|Any CPU
		{40D6B8C4-FD35-498A-B056-E2C219E84C57}.Release|Any CPU.Build.0 = Release|Any CPU
	EndGlobalSection
	GlobalSection(SolutionProperties) = preSolution
		HideSolutionNode = FALSE
	EndGlobalSection
	GlobalSection(ExtensibilityGlobals) = postSolution
		SolutionGuid = {A4A2D3FC-529D-4C86-8C67-63E837C0A23F}
	EndGlobalSection
EndGlobal
